
Microsoft Visual Studio Solution File, Format Version 12.00
# Visual Studio Version 16
VisualStudioVersion = 16.0.29102.190
MinimumVisualStudioVersion = 10.0.40219.1
Project("{8BC9CEB8-8B4A-11D0-8D11-00A0C91BC942}") = "ExamReview", "ExamReview.vcxproj", "{D765B0D3-D4D1-45E2-95A6-BE5880D79113}"
EndProject
Global
	GlobalSection(SolutionConfigurationPlatforms) = preSolution
		Debug|x64 = Debug|x64
		Debug|x86 = Debug|x86
		Release|x64 = Release|x64
		Release|x86 = Release|x86
	EndGlobalSection
	GlobalSection(ProjectConfigurationPlatforms) = postSolution
		{D765B0D3-D4D1-45E2-95A6-BE5880D79113}.Debug|x64.ActiveCfg = Debug|x64
		{D765B0D3-D4D1-45E2-95A6-BE5880D79113}.Debug|x64.Build.0 = Debug|x64
		{D765B0D3-D4D1-45E2-95A6-BE5880D79113}.Debug|x86.ActiveCfg = Debug|Win32
		{D765B0D3-D4D1-45E2-95A6-BE5880D79113}.Debug|x86.Build.0 = Debug|Win32
		{D765B0D3-D4D1-45E2-95A6-BE5880D79113}.Release|x64.ActiveCfg = Release|x64
		{D765B0D3-D4D1-45E2-95A6-BE5880D79113}.Release|x64.Build.0 = Release|x64
		{D765B0D3-D4D1-45E2-95A6-BE5880D79113}.Release|x86.ActiveCfg = Release|Win32
		{D765B0D3-D4D1-45E2-95A6-BE5880D79113}.Release|x86.Build.0 = Release|Win32
	EndGlobalSection
	GlobalSection(SolutionProperties) = preSolution
		HideSolutionNode = FALSE
	EndGlobalSection
	GlobalSection(ExtensibilityGlobals) = postSolution
		SolutionGuid = {F524DAAF-CB30-414A-A23D-E606A480E152}
	EndGlobalSection
EndGlobal
